{
  "lockfileVersion": 1,
  "configVersion": 1,
  "workspaces": {
    "": {
      "name": "labs",
      "devDependencies": {
        "conventional-changelog-cli": "^5.0.0",
      },
    },
  },
  "packages": {
    "@babel/code-frame": ["@babel/code-frame@7.28.6", "", { "dependencies": { "@babel/helper-validator-identifier": "^7.28.5", "js-tokens": "^4.0.0", "picocolors": "^1.1.1" } }, "sha512-JYgintcMjRiCvS8mMECzaEn+m3PfoQiyqukOMCCVQtoJGYJw8j/8LBJEiqkHLkfwCcs74E3pbAUFNg7d9VNJ+Q=="],

    "@babel/helper-validator-identifier": ["@babel/helper-validator-identifier@7.28.5", "", {}, "sha512-qSs4ifwzKJSV39ucNjsvc6WVHs6b7S03sOh2OcHF9UHfVPqWWALUsNUVzhSBiItjRZoLHx7nIarVjqKVusUZ1Q=="],

    "@conventional-changelog/git-client": ["@conventional-changelog/git-client@1.0.1", "", { "dependencies": { "@types/semver": "^7.5.5", "semver": "^7.5.2" }, "peerDependencies": { "conventional-commits-filter": "^5.0.0", "conventional-commits-parser": "^6.0.0" }, "optionalPeers": ["conventional-commits-filter", "conventional-commits-parser"] }, "sha512-PJEqBwAleffCMETaVm/fUgHldzBE35JFk3/9LL6NUA5EXa3qednu+UT6M7E5iBu3zIQZCULYIiZ90fBYHt6xUw=="],

    "@hutson/parse-repository-url": ["@hutson/parse-repository-url@5.0.0", "", {}, "sha512-e5+YUKENATs1JgYHMzTr2MW/NDcXGfYFAuOQU8gJgF/kEh4EqKgfGrfLI67bMD4tbhZVlkigz/9YYwWcbOFthg=="],

    "@types/normalize-package-data": ["@types/normalize-package-data@2.4.4", "", {}, "sha512-37i+OaWTh9qeK4LSHPsyRC7NahnGotNuZvjLSgcPzblpHB3rrCJxAOgI5gCdKm7coonsaX1Of0ILiTcnZjbfxA=="],

    "@types/semver": ["@types/semver@7.7.1", "", {}, "sha512-FmgJfu+MOcQ370SD0ev7EI8TlCAfKYU+B4m5T3yXc1CiRN94g/SZPtsCkk506aUDtlMnFZvasDwHHUcZUEaYuA=="],

    "add-stream": ["add-stream@1.0.0", "", {}, "sha512-qQLMr+8o0WC4FZGQTcJiKBVC59JylcPSrTtk6usvmIDFUOCKegapy1VHQwRbFMOFyb/inzUVqHs+eMYKDM1YeQ=="],

    "array-ify": ["array-ify@1.0.0", "", {}, "sha512-c5AMf34bKdvPhQ7tBGhqkgKNUzMr4WUs+WDtC2ZUGOUncbxKMTvqxYctiseW3+L4bA8ec+GcZ6/A/FW4m8ukng=="],

    "compare-func": ["compare-func@2.0.0", "", { "dependencies": { "array-ify": "^1.0.0", "dot-prop": "^5.1.0" } }, "sha512-zHig5N+tPWARooBnb0Zx1MFcdfpyJrfTJ3Y5L+IFvUm8rM74hHz66z0gw0x4tijh5CorKkKUCnW82R2vmpeCRA=="],

    "conventional-changelog": ["conventional-changelog@6.0.0", "", { "dependencies": { "conventional-changelog-angular": "^8.0.0", "conventional-changelog-atom": "^5.0.0", "conventional-changelog-codemirror": "^5.0.0", "conventional-changelog-conventionalcommits": "^8.0.0", "conventional-changelog-core": "^8.0.0", "conventional-changelog-ember": "^5.0.0", "conventional-changelog-eslint": "^6.0.0", "conventional-changelog-express": "^5.0.0", "conventional-changelog-jquery": "^6.0.0", "conventional-changelog-jshint": "^5.0.0", "conventional-changelog-preset-loader": "^5.0.0" } }, "sha512-tuUH8H/19VjtD9Ig7l6TQRh+Z0Yt0NZ6w/cCkkyzUbGQTnUEmKfGtkC9gGfVgCfOL1Rzno5NgNF4KY8vR+Jo3w=="],

    "conventional-changelog-angular": ["conventional-changelog-angular@8.1.0", "", { "dependencies": { "compare-func": "^2.0.0" } }, "sha512-GGf2Nipn1RUCAktxuVauVr1e3r8QrLP/B0lEUsFktmGqc3ddbQkhoJZHJctVU829U1c6mTSWftrVOCHaL85Q3w=="],

    "conventional-changelog-atom": ["conventional-changelog-atom@5.0.0", "", {}, "sha512-WfzCaAvSCFPkznnLgLnfacRAzjgqjLUjvf3MftfsJzQdDICqkOOpcMtdJF3wTerxSpv2IAAjX8doM3Vozqle3g=="],

    "conventional-changelog-cli": ["conventional-changelog-cli@5.0.0", "", { "dependencies": { "add-stream": "^1.0.0", "conventional-changelog": "^6.0.0", "meow": "^13.0.0", "tempfile": "^5.0.0" }, "bin": { "conventional-changelog": "cli.js" } }, "sha512-9Y8fucJe18/6ef6ZlyIlT2YQUbczvoQZZuYmDLaGvcSBP+M6h+LAvf7ON7waRxKJemcCII8Yqu5/8HEfskTxJQ=="],

    "conventional-changelog-codemirror": ["conventional-changelog-codemirror@5.0.0", "", {}, "sha512-8gsBDI5Y3vrKUCxN6Ue8xr6occZ5nsDEc4C7jO/EovFGozx8uttCAyfhRrvoUAWi2WMm3OmYs+0mPJU7kQdYWQ=="],

    "conventional-changelog-conventionalcommits": ["conventional-changelog-conventionalcommits@8.0.0", "", { "dependencies": { "compare-func": "^2.0.0" } }, "sha512-eOvlTO6OcySPyyyk8pKz2dP4jjElYunj9hn9/s0OB+gapTO8zwS9UQWrZ1pmF2hFs3vw1xhonOLGcGjy/zgsuA=="],

    "conventional-changelog-core": ["conventional-changelog-core@8.0.0", "", { "dependencies": { "@hutson/parse-repository-url": "^5.0.0", "add-stream": "^1.0.0", "conventional-changelog-writer": "^8.0.0", "conventional-commits-parser": "^6.0.0", "git-raw-commits": "^5.0.0", "git-semver-tags": "^8.0.0", "hosted-git-info": "^7.0.0", "normalize-package-data": "^6.0.0", "read-package-up": "^11.0.0", "read-pkg": "^9.0.0" } }, "sha512-EATUx5y9xewpEe10UEGNpbSHRC6cVZgO+hXQjofMqpy+gFIrcGvH3Fl6yk2VFKh7m+ffenup2N7SZJYpyD9evw=="],

    "conventional-changelog-ember": ["conventional-changelog-ember@5.0.0", "", {}, "sha512-RPflVfm5s4cSO33GH/Ey26oxhiC67akcxSKL8CLRT3kQX2W3dbE19sSOM56iFqUJYEwv9mD9r6k79weWe1urfg=="],

    "conventional-changelog-eslint": ["conventional-changelog-eslint@6.0.0", "", {}, "sha512-eiUyULWjzq+ybPjXwU6NNRflApDWlPEQEHvI8UAItYW/h22RKkMnOAtfCZxMmrcMO1OKUWtcf2MxKYMWe9zJuw=="],

    "conventional-changelog-express": ["conventional-changelog-express@5.0.0", "", {}, "sha512-D8Q6WctPkQpvr2HNCCmwU5GkX22BVHM0r4EW8vN0230TSyS/d6VQJDAxGb84lbg0dFjpO22MwmsikKL++Oo/oQ=="],

    "conventional-changelog-jquery": ["conventional-changelog-jquery@6.0.0", "", {}, "sha512-2kxmVakyehgyrho2ZHBi90v4AHswkGzHuTaoH40bmeNqUt20yEkDOSpw8HlPBfvEQBwGtbE+5HpRwzj6ac2UfA=="],

    "conventional-changelog-jshint": ["conventional-changelog-jshint@5.0.0", "", { "dependencies": { "compare-func": "^2.0.0" } }, "sha512-gGNphSb/opc76n2eWaO6ma4/Wqu3tpa2w7i9WYqI6Cs2fncDSI2/ihOfMvXveeTTeld0oFvwMVNV+IYQIk3F3g=="],

    "conventional-changelog-preset-loader": ["conventional-changelog-preset-loader@5.0.0", "", {}, "sha512-SetDSntXLk8Jh1NOAl1Gu5uLiCNSYenB5tm0YVeZKePRIgDW9lQImromTwLa3c/Gae298tsgOM+/CYT9XAl0NA=="],

    "conventional-changelog-writer": ["conventional-changelog-writer@8.2.0", "", { "dependencies": { "conventional-commits-filter": "^5.0.0", "handlebars": "^4.7.7", "meow": "^13.0.0", "semver": "^7.5.2" }, "bin": { "conventional-changelog-writer": "dist/cli/index.js" } }, "sha512-Y2aW4596l9AEvFJRwFGJGiQjt2sBYTjPD18DdvxX9Vpz0Z7HQ+g1Z+6iYDAm1vR3QOJrDBkRHixHK/+FhkR6Pw=="],

    "conventional-commits-filter": ["conventional-commits-filter@5.0.0", "", {}, "sha512-tQMagCOC59EVgNZcC5zl7XqO30Wki9i9J3acbUvkaosCT6JX3EeFwJD7Qqp4MCikRnzS18WXV3BLIQ66ytu6+Q=="],

    "conventional-commits-parser": ["conventional-commits-parser@6.2.1", "", { "dependencies": { "meow": "^13.0.0" }, "bin": { "conventional-commits-parser": "dist/cli/index.js" } }, "sha512-20pyHgnO40rvfI0NGF/xiEoFMkXDtkF8FwHvk5BokoFoCuTQRI8vrNCNFWUOfuolKJMm1tPCHc8GgYEtr1XRNA=="],

    "dot-prop": ["dot-prop@5.3.0", "", { "dependencies": { "is-obj": "^2.0.0" } }, "sha512-QM8q3zDe58hqUqjraQOmzZ1LIH9SWQJTlEKCH4kJ2oQvLZk7RbQXvtDM2XEq3fwkV9CCvvH4LA0AV+ogFsBM2Q=="],

    "find-up-simple": ["find-up-simple@1.0.1", "", {}, "sha512-afd4O7zpqHeRyg4PfDQsXmlDe2PfdHtJt6Akt8jOWaApLOZk5JXs6VMR29lz03pRe9mpykrRCYIYxaJYcfpncQ=="],

    "git-raw-commits": ["git-raw-commits@5.0.0", "", { "dependencies": { "@conventional-changelog/git-client": "^1.0.0", "meow": "^13.0.0" }, "bin": { "git-raw-commits": "src/cli.js" } }, "sha512-I2ZXrXeOc0KrCvC7swqtIFXFN+rbjnC7b2T943tvemIOVNl+XP8YnA9UVwqFhzzLClnSA60KR/qEjLpXzs73Qg=="],

    "git-semver-tags": ["git-semver-tags@8.0.0", "", { "dependencies": { "@conventional-changelog/git-client": "^1.0.0", "meow": "^13.0.0" }, "bin": { "git-semver-tags": "src/cli.js" } }, "sha512-N7YRIklvPH3wYWAR2vysaqGLPRcpwQ0GKdlqTiVN5w1UmCdaeY3K8s6DMKRCh54DDdzyt/OAB6C8jgVtb7Y2Fg=="],

    "handlebars": ["handlebars@4.7.8", "", { "dependencies": { "minimist": "^1.2.5", "neo-async": "^2.6.2", "source-map": "^0.6.1", "wordwrap": "^1.0.0" }, "optionalDependencies": { "uglify-js": "^3.1.4" }, "bin": { "handlebars": "bin/handlebars" } }, "sha512-vafaFqs8MZkRrSX7sFVUdo3ap/eNiLnb4IakshzvP56X5Nr1iGKAIqdX6tMlm6HcNRIkr6AxO5jFEoJzzpT8aQ=="],

    "hosted-git-info": ["hosted-git-info@7.0.2", "", { "dependencies": { "lru-cache": "^10.0.1" } }, "sha512-puUZAUKT5m8Zzvs72XWy3HtvVbTWljRE66cP60bxJzAqf2DgICo7lYTY2IHUmLnNpjYvw5bvmoHvPc0QO2a62w=="],

    "index-to-position": ["index-to-position@1.2.0", "", {}, "sha512-Yg7+ztRkqslMAS2iFaU+Oa4KTSidr63OsFGlOrJoW981kIYO3CGCS3wA95P1mUi/IVSJkn0D479KTJpVpvFNuw=="],

    "is-obj": ["is-obj@2.0.0", "", {}, "sha512-drqDG3cbczxxEJRoOXcOjtdp1J/lyp1mNn0xaznRs8+muBhgQcrnbspox5X5fOw0HnMnbfDzvnEMEtqDEJEo8w=="],

    "js-tokens": ["js-tokens@4.0.0", "", {}, "sha512-RdJUflcE3cUzKiMqQgsCu06FPu9UdIJO0beYbPhHN4k6apgJtifcoCtT9bcxOpYBtpD2kCM6Sbzg4CausW/PKQ=="],

    "lru-cache": ["lru-cache@10.4.3", "", {}, "sha512-JNAzZcXrCt42VGLuYz0zfAzDfAvJWW6AfYlDBQyDV5DClI2m5sAmK+OIO7s59XfsRsWHp02jAJrRadPRGTt6SQ=="],

    "meow": ["meow@13.2.0", "", {}, "sha512-pxQJQzB6djGPXh08dacEloMFopsOqGVRKFPYvPOt9XDZ1HasbgDZA74CJGreSU4G3Ak7EFJGoiH2auq+yXISgA=="],

    "minimist": ["minimist@1.2.8", "", {}, "sha512-2yyAR8qBkN3YuheJanUpWC5U3bb5osDywNB8RzDVlDwDHbocAJveqqj1u8+SVD7jkWT4yvsHCpWqqWqAxb0zCA=="],

    "neo-async": ["neo-async@2.6.2", "", {}, "sha512-Yd3UES5mWCSqR+qNT93S3UoYUkqAZ9lLg8a7g9rimsWmYGK8cVToA4/sF3RrshdyV3sAGMXVUmpMYOw+dLpOuw=="],

    "normalize-package-data": ["normalize-package-data@6.0.2", "", { "dependencies": { "hosted-git-info": "^7.0.0", "semver": "^7.3.5", "validate-npm-package-license": "^3.0.4" } }, "sha512-V6gygoYb/5EmNI+MEGrWkC+e6+Rr7mTmfHrxDbLzxQogBkgzo76rkok0Am6thgSF7Mv2nLOajAJj5vDJZEFn7g=="],

    "parse-json": ["parse-json@8.3.0", "", { "dependencies": { "@babel/code-frame": "^7.26.2", "index-to-position": "^1.1.0", "type-fest": "^4.39.1" } }, "sha512-ybiGyvspI+fAoRQbIPRddCcSTV9/LsJbf0e/S85VLowVGzRmokfneg2kwVW/KU5rOXrPSbF1qAKPMgNTqqROQQ=="],

    "picocolors": ["picocolors@1.1.1", "", {}, "sha512-xceH2snhtb5M9liqDsmEw56le376mTZkEX/jEb/RxNFyegNul7eNslCXP9FDj/Lcu0X8KEyMceP2ntpaHrDEVA=="],

    "read-package-up": ["read-package-up@11.0.0", "", { "dependencies": { "find-up-simple": "^1.0.0", "read-pkg": "^9.0.0", "type-fest": "^4.6.0" } }, "sha512-MbgfoNPANMdb4oRBNg5eqLbB2t2r+o5Ua1pNt8BqGp4I0FJZhuVSOj3PaBPni4azWuSzEdNn2evevzVmEk1ohQ=="],

    "read-pkg": ["read-pkg@9.0.1", "", { "dependencies": { "@types/normalize-package-data": "^2.4.3", "normalize-package-data": "^6.0.0", "parse-json": "^8.0.0", "type-fest": "^4.6.0", "unicorn-magic": "^0.1.0" } }, "sha512-9viLL4/n1BJUCT1NXVTdS1jtm80yDEgR5T4yCelII49Mbj0v1rZdKqj7zCiYdbB0CuCgdrvHcNogAKTFPBocFA=="],

    "semver": ["semver@7.7.3", "", { "bin": { "semver": "bin/semver.js" } }, "sha512-SdsKMrI9TdgjdweUSR9MweHA4EJ8YxHn8DFaDisvhVlUOe4BF1tLD7GAj0lIqWVl+dPb/rExr0Btby5loQm20Q=="],

    "source-map": ["source-map@0.6.1", "", {}, "sha512-UjgapumWlbMhkBgzT7Ykc5YXUT46F0iKu8SGXq0bcwP5dz/h0Plj6enJqjz1Zbq2l5WaqYnrVbwWOWMyF3F47g=="],

    "spdx-correct": ["spdx-correct@3.2.0", "", { "dependencies": { "spdx-expression-parse": "^3.0.0", "spdx-license-ids": "^3.0.0" } }, "sha512-kN9dJbvnySHULIluDHy32WHRUu3Og7B9sbY7tsFLctQkIqnMh3hErYgdMjTYuqmcXX+lK5T1lnUt3G7zNswmZA=="],

    "spdx-exceptions": ["spdx-exceptions@2.5.0", "", {}, "sha512-PiU42r+xO4UbUS1buo3LPJkjlO7430Xn5SVAhdpzzsPHsjbYVflnnFdATgabnLude+Cqu25p6N+g2lw/PFsa4w=="],

    "spdx-expression-parse": ["spdx-expression-parse@3.0.1", "", { "dependencies": { "spdx-exceptions": "^2.1.0", "spdx-license-ids": "^3.0.0" } }, "sha512-cbqHunsQWnJNE6KhVSMsMeH5H/L9EpymbzqTQ3uLwNCLZ1Q481oWaofqH7nO6V07xlXwY6PhQdQ2IedWx/ZK4Q=="],

    "spdx-license-ids": ["spdx-license-ids@3.0.22", "", {}, "sha512-4PRT4nh1EImPbt2jASOKHX7PB7I+e4IWNLvkKFDxNhJlfjbYlleYQh285Z/3mPTHSAK/AvdMmw5BNNuYH8ShgQ=="],

    "temp-dir": ["temp-dir@3.0.0", "", {}, "sha512-nHc6S/bwIilKHNRgK/3jlhDoIHcp45YgyiwcAk46Tr0LfEqGBVpmiAyuiuxeVE44m3mXnEeVhaipLOEWmH+Njw=="],

    "tempfile": ["tempfile@5.0.0", "", { "dependencies": { "temp-dir": "^3.0.0" } }, "sha512-bX655WZI/F7EoTDw9JvQURqAXiPHi8o8+yFxPF2lWYyz1aHnmMRuXWqL6YB6GmeO0o4DIYWHLgGNi/X64T+X4Q=="],

    "type-fest": ["type-fest@4.41.0", "", {}, "sha512-TeTSQ6H5YHvpqVwBRcnLDCBnDOHWYu7IvGbHT6N8AOymcr9PJGjc1GTtiWZTYg0NCgYwvnYWEkVChQAr9bjfwA=="],

    "uglify-js": ["uglify-js@3.19.3", "", { "bin": { "uglifyjs": "bin/uglifyjs" } }, "sha512-v3Xu+yuwBXisp6QYTcH4UbH+xYJXqnq2m/LtQVWKWzYc1iehYnLixoQDN9FH6/j9/oybfd6W9Ghwkl8+UMKTKQ=="],

    "unicorn-magic": ["unicorn-magic@0.1.0", "", {}, "sha512-lRfVq8fE8gz6QMBuDM6a+LO3IAzTi05H6gCVaUpir2E1Rwpo4ZUog45KpNXKC/Mn3Yb9UDuHumeFTo9iV/D9FQ=="],

    "validate-npm-package-license": ["validate-npm-package-license@3.0.4", "", { "dependencies": { "spdx-correct": "^3.0.0", "spdx-expression-parse": "^3.0.0" } }, "sha512-DpKm2Ui/xN7/HQKCtpZxoRWBhZ9Z0kqtygG8XCgNQ8ZlDnxuQmWhj566j8fN4Cu3/JmbhsDo7fcAJq4s9h27Ew=="],

    "wordwrap": ["wordwrap@1.0.0", "", {}, "sha512-gvVzJFlPycKc5dZN4yPkP8w7Dc37BtP1yczEneOb4uq34pXZcvrtRTmWV8W+Ume+XCxKgbjM+nevkyFPMybd4Q=="],
  }
}
